
Microsoft Visual Studio Solution File, Format Version 12.00
# Visual Studio 14
VisualStudioVersion = 14.0.24720.0
MinimumVisualStudioVersion = 10.0.40219.1
Project("{CC5FD16D-436D-48AD-A40C-5A424C6E3E79}") = "Lab9service", "Lab9service\Lab9service.ccproj", "{60389331-75F1-4662-8D66-D7F891E89312}"
EndProject
Project("{FAE04EC0-301F-11D3-BF4B-00C04F79EFBC}") = "CalcWebrole", "CalcWebrole\CalcWebrole.csproj", "{FF7E4947-3CAC-42BE-9E25-44744589923F}"
EndProject
Global
	GlobalSection(SolutionConfigurationPlatforms) = preSolution
		Debug|Any CPU = Debug|Any CPU
		Release|Any CPU = Release|Any CPU
	EndGlobalSection
	GlobalSection(ProjectConfigurationPlatforms) = postSolution
		{60389331-75F1-4662-8D66-D7F891E89312}.Debug|Any CPU.ActiveCfg = Debug|Any CPU
		{60389331-75F1-4662-8D66-D7F891E89312}.Debug|Any CPU.Build.0 = Debug|Any CPU
		{60389331-75F1-4662-8D66-D7F891E89312}.Release|Any CPU.ActiveCfg = Release|Any CPU
		{60389331-75F1-4662-8D66-D7F891E89312}.Release|Any CPU.Build.0 = Release|Any CPU
		{FF7E4947-3CAC-42BE-9E25-44744589923F}.Debug|Any CPU.ActiveCfg = Debug|Any CPU
		{FF7E4947-3CAC-42BE-9E25-44744589923F}.Debug|Any CPU.Build.0 = Debug|Any CPU
		{FF7E4947-3CAC-42BE-9E25-44744589923F}.Release|Any CPU.ActiveCfg = Release|Any CPU
		{FF7E4947-3CAC-42BE-9E25-44744589923F}.Release|Any CPU.Build.0 = Release|Any CPU
	EndGlobalSection
	GlobalSection(SolutionProperties) = preSolution
		HideSolutionNode = FALSE
	EndGlobalSection
EndGlobal
